
Microsoft Visual Studio Solution File, Format Version 12.00
# Visual Studio Version 16
VisualStudioVersion = 16.0.31019.194
MinimumVisualStudioVersion = 10.0.40219.1
Project("{9A19103F-16F7-4668-BE54-9A1E7A4F7556}") = "CardGame", "CardGame\CardGame.csproj", "{2301B54C-AE4F-45C1-8663-CD950FE62306}"
EndProject
Project("{9A19103F-16F7-4668-BE54-9A1E7A4F7556}") = "CardGame.Tests", "CardGame.Tests\CardGame.Tests.csproj", "{584A2C99-FFC4-4C06-A01A-63C7C36F384F}"
EndProject
Global
	GlobalSection(SolutionConfigurationPlatforms) = preSolution
		Debug|Any CPU = Debug|Any CPU
		Release|Any CPU = Release|Any CPU
	EndGlobalSection
	GlobalSection(ProjectConfigurationPlatforms) = postSolution
		{2301B54C-AE4F-45C1-8663-CD950FE62306}.Debug|Any CPU.ActiveCfg = Debug|Any CPU
		{2301B54C-AE4F-45C1-8663-CD950FE62306}.Debug|Any CPU.Build.0 = Debug|Any CPU
		{2301B54C-AE4F-45C1-8663-CD950FE62306}.Release|Any CPU.ActiveCfg = Release|Any CPU
		{2301B54C-AE4F-45C1-8663-CD950FE62306}.Release|Any CPU.Build.0 = Release|Any CPU
		{584A2C99-FFC4-4C06-A01A-63C7C36F384F}.Debug|Any CPU.ActiveCfg = Debug|Any CPU
		{584A2C99-FFC4-4C06-A01A-63C7C36F384F}.Debug|Any CPU.Build.0 = Debug|Any CPU
		{584A2C99-FFC4-4C06-A01A-63C7C36F384F}.Release|Any CPU.ActiveCfg = Release|Any CPU
		{584A2C99-FFC4-4C06-A01A-63C7C36F384F}.Release|Any CPU.Build.0 = Release|Any CPU
	EndGlobalSection
	GlobalSection(SolutionProperties) = preSolution
		HideSolutionNode = FALSE
	EndGlobalSection
	GlobalSection(ExtensibilityGlobals) = postSolution
		SolutionGuid = {4C478857-A039-4E88-9FF4-65B3B75CD28D}
	EndGlobalSection
EndGlobal
